<Solution>
  <Folder Name="/src/">
    <Project Path="src/Tactics.Core/Tactics.Core.csproj" />
    <Project Path="src/Tactics.Core.Tests/Tactics.Core.Tests.csproj" />
    <Project Path="src/Tactics.Application/Tactics.Application.csproj" />
    <Project Path="src/Tactics.Application.Tests/Tactics.Application.Tests.csproj" />
    <Project Path="src/Tactics.UnityOracle.Tests/Tactics.UnityOracle.Tests.csproj" />
  </Folder>
  <Folder Name="/godot/">
    <Project Path="godot/Tactics.Godot.Adapter.csproj" />
  </Folder>
</Solution>
