<Solution>
  <Project Path="UnityUIExtensions.csproj" />
  <Project Path="com.tactics.tbsf.unity.csproj" />
  <Project Path="com.crookedhead.tactics.csproj" />
  <Project Path="com.stompyrobot.oneline.csproj" />
  <Project Path="com.tactics.tbsf.common.csproj" />
  <Project Path="com.tactics.tbsf.editor.csproj" />
  <Project Path="UnityUIExtensions.editor.csproj" />
  <Project Path="com.demigiant.dotween.modules.csproj" />
  <Project Path="Sirenix.OdinInspector.Modules.UnityMathematics.csproj" />
</Solution>
